// !$*UTF8*$!
{
	archiveVersion = 1;
	classes = {
	};
	objectVersion = 77;
	objects = {

/* Begin PBXContainerItemProxy section */
		B3ABBF702D09966F008F82FD /* PBXContainerItemProxy */ = {
			isa = PBXContainerItemProxy;
			containerPortal = B3ABBF512D09966E008F82FD /* Project object */;
			proxyType = 1;
			remoteGlobalIDString = B3ABBF582D09966E008F82FD;
			remoteInfo = meme_api_frontend;
		};
		B3ABBF7A2D09966F008F82FD /* PBXContainerItemProxy */ = {
			isa = PBXContainerItemProxy;
			containerPortal = B3ABBF512D09966E008F82FD /* Project object */;
			proxyType = 1;
			remoteGlobalIDString = B3ABBF582D09966E008F82FD;
			remoteInfo = meme_api_frontend;
		};
/* End PBXContainerItemProxy section */

/* Begin PBXFileReference section */
		B3ABBF592D09966E008F82FD /* meme_api_frontend.app */ = {isa = PBXFileReference; explicitFileType = wrapper.application; includeInIndex = 0; path = meme_api_frontend.app; sourceTree = BUILT_PRODUCTS_DIR; };
		B3ABBF6F2D09966F008F82FD /* meme_api_frontendTests.xctest */ = {isa = PBXFileReference; explicitFileType = wrapper.cfbundle; includeInIndex = 0; path = meme_api_frontendTests.xctest; sourceTree = BUILT_PRODUCTS_DIR; };
		B3ABBF792D09966F008F82FD /* meme_api_frontendUITests.xctest */ = {isa = PBXFileReference; explicitFileType = wrapper.cfbundle; includeInIndex = 0; path = meme_api_frontendUITests.xctest; sourceTree = BUILT_PRODUCTS_DIR; };
/* End PBXFileReference section */

/* Begin PBXFileSystemSynchronizedBuildFileExceptionSet section */
		B3ABBF812D09966F008F82FD /* Exceptions for "meme_api_frontend" folder in "meme_api_frontend" target */ = {
			isa = PBXFileSystemSynchronizedBuildFileExceptionSet;
			membershipExceptions = (
				Info.plist,
			);
			target = B3ABBF582D09966E008F82FD /* meme_api_frontend */;
		};
/* End PBXFileSystemSynchronizedBuildFileExceptionSet section */

/* Begin PBXFileSystemSynchronizedRootGroup section */
		B3ABBF5B2D09966E008F82FD /* meme_api_frontend */ = {
			isa = PBXFileSystemSynchronizedRootGroup;
			exceptions = (
				B3ABBF812D09966F008F82FD /* Exceptions for "meme_api_frontend" folder in "meme_api_frontend" target */,
			);
			path = meme_api_frontend;
			sourceTree = "<group>";
		};
		B3ABBF722D09966F008F82FD /* meme_api_frontendTests */ = {
			isa = PBXFileSystemSynchronizedRootGroup;
			path = meme_api_frontendTests;
			sourceTree = "<group>";
		};
		B3ABBF7C2D09966F008F82FD /* meme_api_frontendUITests */ = {
			isa = PBXFileSystemSynchronizedRootGroup;
			path = meme_api_frontendUITests;
			sourceTree = "<group>";
		};
/* End PBXFileSystemSynchronizedRootGroup section */

/* Begin PBXFrameworksBuildPhase section */
		B3ABBF562D09966E008F82FD /* Frameworks */ = {
			isa = PBXFrameworksBuildPhase;
			buildActionMask = 2147483647;
			files = (
			);
			runOnlyForDeploymentPostprocessing = 0;
		};
		B3ABBF6C2D09966F008F82FD /* Frameworks */ = {
			isa = PBXFrameworksBuildPhase;
			buildActionMask = 2147483647;
			files = (
			);
			runOnlyForDeploymentPostprocessing = 0;
		};
		B3ABBF762D09966F008F82FD /* Frameworks */ = {
			isa = PBXFrameworksBuildPhase;
			buildActionMask = 2147483647;
			files = (
			);
			runOnlyForDeploymentPostprocessing = 0;
		};
/* End PBXFrameworksBuildPhase section */

/* Begin PBXGroup section */
		B3ABBF502D09966E008F82FD = {
			isa = PBXGroup;
			children = (
				B3ABBF5B2D09966E008F82FD /* meme_api_frontend */,
				B3ABBF722D09966F008F82FD /* meme_api_frontendTests */,
				B3ABBF7C2D09966F008F82FD /* meme_api_frontendUITests */,
				B3ABBF5A2D09966E008F82FD /* Products */,
			);
			sourceTree = "<group>";
		};
		B3ABBF5A2D09966E008F82FD /* Products */ = {
			isa = PBXGroup;
			children = (
				B3ABBF592D09966E008F82FD /* meme_api_frontend.app */,
				B3ABBF6F2D09966F008F82FD /* meme_api_frontendTests.xctest */,
				B3ABBF792D09966F008F82FD /* meme_api_frontendUITests.xctest */,
			);
			name = Products;
			sourceTree = "<group>";
		};
/* End PBXGroup section */

/* Begin PBXNativeTarget section */
		B3ABBF582D09966E008F82FD /* meme_api_frontend */ = {
			isa = PBXNativeTarget;
			buildConfigurationList = B3ABBF822D09966F008F82FD /* Build configuration list for PBXNativeTarget "meme_api_frontend" */;
			buildPhases = (
				B3ABBF552D09966E008F82FD /* Sources */,
				B3ABBF562D09966E008F82FD /* Frameworks */,
				B3ABBF572D09966E008F82FD /* Resources */,
			);
			buildRules = (
			);
			dependencies = (
			);
			fileSystemSynchronizedGroups = (
				B3ABBF5B2D09966E008F82FD /* meme_api_frontend */,
			);
			name = meme_api_frontend;
			packageProductDependencies = (
			);
			productName = meme_api_frontend;
			productReference = B3ABBF592D09966E008F82FD /* meme_api_frontend.app */;
			productType = "com.apple.product-type.application";
		};
		B3ABBF6E2D09966F008F82FD /* meme_api_frontendTests */ = {
			isa = PBXNativeTarget;
			buildConfigurationList = B3ABBF872D09966F008F82FD /* Build configuration list for PBXNativeTarget "meme_api_frontendTests" */;
			buildPhases = (
				B3ABBF6B2D09966F008F82FD /* Sources */,
				B3ABBF6C2D09966F008F82FD /* Frameworks */,
				B3ABBF6D2D09966F008F82FD /* Resources */,
			);
			buildRules = (
			);
			dependencies = (
				B3ABBF712D09966F008F82FD /* PBXTargetDependency */,
			);
			fileSystemSynchronizedGroups = (
				B3ABBF722D09966F008F82FD /* meme_api_frontendTests */,
			);
			name = meme_api_frontendTests;
			packageProductDependencies = (
			);
			productName = meme_api_frontendTests;
			productReference = B3ABBF6F2D09966F008F82FD /* meme_api_frontendTests.xctest */;
			productType = "com.apple.product-type.bundle.unit-test";
		};
		B3ABBF782D09966F008F82FD /* meme_api_frontendUITests */ = {
			isa = PBXNativeTarget;
			buildConfigurationList = B3ABBF8A2D09966F008F82FD /* Build configuration list for PBXNativeTarget "meme_api_frontendUITests" */;
			buildPhases = (
				B3ABBF752D09966F008F82FD /* Sources */,
				B3ABBF762D09966F008F82FD /* Frameworks */,
				B3ABBF772D09966F008F82FD /* Resources */,
			);
			buildRules = (
			);
			dependencies = (
				B3ABBF7B2D09966F008F82FD /* PBXTargetDependency */,
			);
			fileSystemSynchronizedGroups = (
				B3ABBF7C2D09966F008F82FD /* meme_api_frontendUITests */,
			);
			name = meme_api_frontendUITests;
			packageProductDependencies = (
			);
			productName = meme_api_frontendUITests;
			productReference = B3ABBF792D09966F008F82FD /* meme_api_frontendUITests.xctest */;
			productType = "com.apple.product-type.bundle.ui-testing";
		};
/* End PBXNativeTarget section */

/* Begin PBXProject section */
		B3ABBF512D09966E008F82FD /* Project object */ = {
			isa = PBXProject;
			attributes = {
				BuildIndependentTargetsInParallel = 1;
				LastSwiftUpdateCheck = 1610;
				LastUpgradeCheck = 1610;
				TargetAttributes = {
					B3ABBF582D09966E008F82FD = {
						CreatedOnToolsVersion = 16.1;
					};
					B3ABBF6E2D09966F008F82FD = {
						CreatedOnToolsVersion = 16.1;
						TestTargetID = B3ABBF582D09966E008F82FD;
					};
					B3ABBF782D09966F008F82FD = {
						CreatedOnToolsVersion = 16.1;
						TestTargetID = B3ABBF582D09966E008F82FD;
					};
				};
			};
			buildConfigurationList = B3ABBF542D09966E008F82FD /* Build configuration list for PBXProject "meme_api_frontend" */;
			developmentRegion = en;
			hasScannedForEncodings = 0;
			knownRegions = (
				en,
				Base,
			);
			mainGroup = B3ABBF502D09966E008F82FD;
			minimizedProjectReferenceProxies = 1;
			preferredProjectObjectVersion = 77;
			productRefGroup = B3ABBF5A2D09966E008F82FD /* Products */;
			projectDirPath = "";
			projectRoot = "";
			targets = (
				B3ABBF582D09966E008F82FD /* meme_api_frontend */,
				B3ABBF6E2D09966F008F82FD /* meme_api_frontendTests */,
				B3ABBF782D09966F008F82FD /* meme_api_frontendUITests */,
			);
		};
/* End PBXProject section */

/* Begin PBXResourcesBuildPhase section */
		B3ABBF572D09966E008F82FD /* Resources */ = {
			isa = PBXResourcesBuildPhase;
			buildActionMask = 2147483647;
			files = (
			);
			runOnlyForDeploymentPostprocessing = 0;
		};
		B3ABBF6D2D09966F008F82FD /* Resources */ = {
			isa = PBXResourcesBuildPhase;
			buildActionMask = 2147483647;
			files = (
			);
			runOnlyForDeploymentPostprocessing = 0;
		};
		B3ABBF772D09966F008F82FD /* Resources */ = {
			isa = PBXResourcesBuildPhase;
			buildActionMask = 2147483647;
			files = (
			);
			runOnlyForDeploymentPostprocessing = 0;
		};
/* End PBXResourcesBuildPhase section */

/* Begin PBXSourcesBuildPhase section */
		B3ABBF552D09966E008F82FD /* Sources */ = {
			isa = PBXSourcesBuildPhase;
			buildActionMask = 2147483647;
			files = (
			);
			runOnlyForDeploymentPostprocessing = 0;
		};
		B3ABBF6B2D09966F008F82FD /* Sources */ = {
			isa = PBXSourcesBuildPhase;
			buildActionMask = 2147483647;
			files = (
			);
			runOnlyForDeploymentPostprocessing = 0;
		};
		B3ABBF752D09966F008F82FD /* Sources */ = {
			isa = PBXSourcesBuildPhase;
			buildActionMask = 2147483647;
			files = (
			);
			runOnlyForDeploymentPostprocessing = 0;
		};
/* End PBXSourcesBuildPhase section */

/* Begin PBXTargetDependency section */
		B3ABBF712D09966F008F82FD /* PBXTargetDependency */ = {
			isa = PBXTargetDependency;
			target = B3ABBF582D09966E008F82FD /* meme_api_frontend */;
			targetProxy = B3ABBF702D09966F008F82FD /* PBXContainerItemProxy */;
		};
		B3ABBF7B2D09966F008F82FD /* PBXTargetDependency */ = {
			isa = PBXTargetDependency;
			target = B3ABBF582D09966E008F82FD /* meme_api_frontend */;
			targetProxy = B3ABBF7A2D09966F008F82FD /* PBXContainerItemProxy */;
		};
/* End PBXTargetDependency section */

/* Begin XCBuildConfiguration section */
		B3ABBF832D09966F008F82FD /* Debug */ = {
			isa = XCBuildConfiguration;
			buildSettings = {
				ASSETCATALOG_COMPILER_APPICON_NAME = AppIcon;
				ASSETCATALOG_COMPILER_GLOBAL_ACCENT_COLOR_NAME = AccentColor;
				CODE_SIGN_STYLE = Automatic;
				CURRENT_PROJECT_VERSION = 1;
				GENERATE_INFOPLIST_FILE = YES;
				INFOPLIST_FILE = meme_api_frontend/Info.plist;
				INFOPLIST_KEY_UIApplicationSupportsIndirectInputEvents = YES;
				INFOPLIST_KEY_UILaunchStoryboardName = LaunchScreen;
				INFOPLIST_KEY_UIMainStoryboardFile = Main;
				INFOPLIST_KEY_UISupportedInterfaceOrientations_iPad = "UIInterfaceOrientationPortrait UIInterfaceOrientationPortraitUpsideDown UIInterfaceOrientationLandscapeLeft UIInterfaceOrientationLandscapeRight";
				INFOPLIST_KEY_UISupportedInterfaceOrientations_iPhone = "UIInterfaceOrientationPortrait UIInterfaceOrientationLandscapeLeft UIInterfaceOrientationLandscapeRight";
				LD_RUNPATH_SEARCH_PATHS = (
					"$(inherited)",
					"@executable_path/Frameworks",
				);
				MARKETING_VERSION = 1.0;
				PRODUCT_BUNDLE_IDENTIFIER = "caramel.meme-api-frontend";
				PRODUCT_NAME = "$(TARGET_NAME)";
				SWIFT_EMIT_LOC_STRINGS = YES;
				SWIFT_VERSION = 5.0;
				TARGETED_DEVICE_FAMILY = "1,2";
			};
			name = Debug;
		};
		B3ABBF842D09966F008F82FD /* Release */ = {
			isa = XCBuildConfiguration;
			buildSettings = {
				ASSETCATALOG_COMPILER_APPICON_NAME = AppIcon;
				ASSETCATALOG_COMPILER_GLOBAL_ACCENT_COLOR_NAME = AccentColor;
				CODE_SIGN_STYLE = Automatic;
				CURRENT_PROJECT_VERSION = 1;
				GENERATE_INFOPLIST_FILE = YES;
				INFOPLIST_FILE = meme_api_frontend/Info.plist;
				INFOPLIST_KEY_UIApplicationSupportsIndirectInputEvents = YES;
				INFOPLIST_KEY_UILaunchStoryboardName = LaunchScreen;
				INFOPLIST_KEY_UIMainStoryboardFile = Main;
				INFOPLIST_KEY_UISupportedInterfaceOrientations_iPad = "UIInterfaceOrientationPortrait UIInterfaceOrientationPortraitUpsideDown UIInterfaceOrientationLandscapeLeft UIInterfaceOrientationLandscapeRight";
				INFOPLIST_KEY_UISupportedInterfaceOrientations_iPhone = "UIInterfaceOrientationPortrait UIInterfaceOrientationLandscapeLeft UIInterfaceOrientationLandscapeRight";
				LD_RUNPATH_SEARCH_PATHS = (
					"$(inherited)",
					"@executable_path/Frameworks",
				);
				MARKETING_VERSION = 1.0;
				PRODUCT_BUNDLE_IDENTIFIER = "caramel.meme-api-frontend";
				PRODUCT_NAME = "$(TARGET_NAME)";
				SWIFT_EMIT_LOC_STRINGS = YES;
				SWIFT_VERSION = 5.0;
				TARGETED_DEVICE_FAMILY = "1,2";
			};
			name = Release;
		};
		B3ABBF852D09966F008F82FD /* Debug */ = {
			isa = XCBuildConfiguration;
			buildSettings = {
				ALWAYS_SEARCH_USER_PATHS = NO;
				ASSETCATALOG_COMPILER_GENERATE_SWIFT_ASSET_SYMBOL_EXTENSIONS = YES;
				CLANG_ANALYZER_NONNULL = YES;
				CLANG_ANALYZER_NUMBER_OBJECT_CONVERSION = YES_AGGRESSIVE;
				CLANG_CXX_LANGUAGE_STANDARD = "gnu++20";
				CLANG_ENABLE_MODULES = YES;
				CLANG_ENABLE_OBJC_ARC = YES;
				CLANG_ENABLE_OBJC_WEAK = YES;
				CLANG_WARN_BLOCK_CAPTURE_AUTORELEASING = YES;
				CLANG_WARN_BOOL_CONVERSION = YES;
				CLANG_WARN_COMMA = YES;
				CLANG_WARN_CONSTANT_CONVERSION = YES;
				CLANG_WARN_DEPRECATED_OBJC_IMPLEMENTATIONS = YES;
				CLANG_WARN_DIRECT_OBJC_ISA_USAGE = YES_ERROR;
				CLANG_WARN_DOCUMENTATION_COMMENTS = YES;
				CLANG_WARN_EMPTY_BODY = YES;
				CLANG_WARN_ENUM_CONVERSION = YES;
				CLANG_WARN_INFINITE_RECURSION = YES;
				CLANG_WARN_INT_CONVERSION = YES;
				CLANG_WARN_NON_LITERAL_NULL_CONVERSION = YES;
				CLANG_WARN_OBJC_IMPLICIT_RETAIN_SELF = YES;
				CLANG_WARN_OBJC_LITERAL_CONVERSION = YES;
				CLANG_WARN_OBJC_ROOT_CLASS = YES_ERROR;
				CLANG_WARN_QUOTED_INCLUDE_IN_FRAMEWORK_HEADER = YES;
				CLANG_WARN_RANGE_LOOP_ANALYSIS = YES;
				CLANG_WARN_STRICT_PROTOTYPES = YES;
				CLANG_WARN_SUSPICIOUS_MOVE = YES;
				CLANG_WARN_UNGUARDED_AVAILABILITY = YES_AGGRESSIVE;
				CLANG_WARN_UNREACHABLE_CODE = YES;
				CLANG_WARN__DUPLICATE_METHOD_MATCH = YES;
				COPY_PHASE_STRIP = NO;
				DEBUG_INFORMATION_FORMAT = dwarf;
				ENABLE_STRICT_OBJC_MSGSEND = YES;
				ENABLE_TESTABILITY = YES;
				ENABLE_USER_SCRIPT_SANDBOXING = YES;
				GCC_C_LANGUAGE_STANDARD = gnu17;
				GCC_DYNAMIC_NO_PIC = NO;
				GCC_NO_COMMON_BLOCKS = YES;
				GCC_OPTIMIZATION_LEVEL = 0;
				GCC_PREPROCESSOR_DEFINITIONS = (
					"DEBUG=1",
					"$(inherited)",
				);
				GCC_WARN_64_TO_32_BIT_CONVERSION = YES;
				GCC_WARN_ABOUT_RETURN_TYPE = YES_ERROR;
				GCC_WARN_UNDECLARED_SELECTOR = YES;
				GCC_WARN_UNINITIALIZED_AUTOS = YES_AGGRESSIVE;
				GCC_WARN_UNUSED_FUNCTION = YES;
				GCC_WARN_UNUSED_VARIABLE = YES;
				IPHONEOS_DEPLOYMENT_TARGET = 18.1;
				LOCALIZATION_PREFERS_STRING_CATALOGS = YES;
				MTL_ENABLE_DEBUG_INFO = INCLUDE_SOURCE;
				MTL_FAST_MATH = YES;
				ONLY_ACTIVE_ARCH = YES;
				SDKROOT = iphoneos;
				SWIFT_ACTIVE_COMPILATION_CONDITIONS = "DEBUG $(inherited)";
				SWIFT_OPTIMIZATION_LEVEL = "-Onone";
			};
			name = Debug;
		};
		B3ABBF862D09966F008F82FD /* Release */ = {
			isa = XCBuildConfiguration;
			buildSettings = {
				ALWAYS_SEARCH_USER_PATHS = NO;
				ASSETCATALOG_COMPILER_GENERATE_SWIFT_ASSET_SYMBOL_EXTENSIONS = YES;
				CLANG_ANALYZER_NONNULL = YES;
				CLANG_ANALYZER_NUMBER_OBJECT_CONVERSION = YES_AGGRESSIVE;
				CLANG_CXX_LANGUAGE_STANDARD = "gnu++20";
				CLANG_ENABLE_MODULES = YES;
				CLANG_ENABLE_OBJC_ARC = YES;
				CLANG_ENABLE_OBJC_WEAK = YES;
				CLANG_WARN_BLOCK_CAPTURE_AUTORELEASING = YES;
				CLANG_WARN_BOOL_CONVERSION = YES;
				CLANG_WARN_COMMA = YES;
				CLANG_WARN_CONSTANT_CONVERSION = YES;
				CLANG_WARN_DEPRECATED_OBJC_IMPLEMENTATIONS = YES;
				CLANG_WARN_DIRECT_OBJC_ISA_USAGE = YES_ERROR;
				CLANG_WARN_DOCUMENTATION_COMMENTS = YES;
				CLANG_WARN_EMPTY_BODY = YES;
				CLANG_WARN_ENUM_CONVERSION = YES;
				CLANG_WARN_INFINITE_RECURSION = YES;
				CLANG_WARN_INT_CONVERSION = YES;
				CLANG_WARN_NON_LITERAL_NULL_CONVERSION = YES;
				CLANG_WARN_OBJC_IMPLICIT_RETAIN_SELF = YES;
				CLANG_WARN_OBJC_LITERAL_CONVERSION = YES;
				CLANG_WARN_OBJC_ROOT_CLASS = YES_ERROR;
				CLANG_WARN_QUOTED_INCLUDE_IN_FRAMEWORK_HEADER = YES;
				CLANG_WARN_RANGE_LOOP_ANALYSIS = YES;
				CLANG_WARN_STRICT_PROTOTYPES = YES;
				CLANG_WARN_SUSPICIOUS_MOVE = YES;
				CLANG_WARN_UNGUARDED_AVAILABILITY = YES_AGGRESSIVE;
				CLANG_WARN_UNREACHABLE_CODE = YES;
				CLANG_WARN__DUPLICATE_METHOD_MATCH = YES;
				COPY_PHASE_STRIP = NO;
				DEBUG_INFORMATION_FORMAT = "dwarf-with-dsym";
				ENABLE_NS_ASSERTIONS = NO;
				ENABLE_STRICT_OBJC_MSGSEND = YES;
				ENABLE_USER_SCRIPT_SANDBOXING = YES;
				GCC_C_LANGUAGE_STANDARD = gnu17;
				GCC_NO_COMMON_BLOCKS = YES;
				GCC_WARN_64_TO_32_BIT_CONVERSION = YES;
				GCC_WARN_ABOUT_RETURN_TYPE = YES_ERROR;
				GCC_WARN_UNDECLARED_SELECTOR = YES;
				GCC_WARN_UNINITIALIZED_AUTOS = YES_AGGRESSIVE;
				GCC_WARN_UNUSED_FUNCTION = YES;
				GCC_WARN_UNUSED_VARIABLE = YES;
				IPHONEOS_DEPLOYMENT_TARGET = 18.1;
				LOCALIZATION_PREFERS_STRING_CATALOGS = YES;
				MTL_ENABLE_DEBUG_INFO = NO;
				MTL_FAST_MATH = YES;
				SDKROOT = iphoneos;
				SWIFT_COMPILATION_MODE = wholemodule;
				VALIDATE_PRODUCT = YES;
			};
			name = Release;
		};
		B3ABBF882D09966F008F82FD /* Debug */ = {
			isa = XCBuildConfiguration;
			buildSettings = {
				BUNDLE_LOADER = "$(TEST_HOST)";
				CODE_SIGN_STYLE = Automatic;
				CURRENT_PROJECT_VERSION = 1;
				GENERATE_INFOPLIST_FILE = YES;
				IPHONEOS_DEPLOYMENT_TARGET = 18.1;
				MARKETING_VERSION = 1.0;
				PRODUCT_BUNDLE_IDENTIFIER = "caramel.meme-api-frontendTests";
				PRODUCT_NAME = "$(TARGET_NAME)";
				SWIFT_EMIT_LOC_STRINGS = NO;
				SWIFT_VERSION = 5.0;
				TARGETED_DEVICE_FAMILY = "1,2";
				TEST_HOST = "$(BUILT_PRODUCTS_DIR)/meme_api_frontend.app/$(BUNDLE_EXECUTABLE_FOLDER_PATH)/meme_api_frontend";
			};
			name = Debug;
		};
		B3ABBF892D09966F008F82FD /* Release */ = {
			isa = XCBuildConfiguration;
			buildSettings = {
				BUNDLE_LOADER = "$(TEST_HOST)";
				CODE_SIGN_STYLE = Automatic;
				CURRENT_PROJECT_VERSION = 1;
				GENERATE_INFOPLIST_FILE = YES;
				IPHONEOS_DEPLOYMENT_TARGET = 18.1;
				MARKETING_VERSION = 1.0;
				PRODUCT_BUNDLE_IDENTIFIER = "caramel.meme-api-frontendTests";
				PRODUCT_NAME = "$(TARGET_NAME)";
				SWIFT_EMIT_LOC_STRINGS = NO;
				SWIFT_VERSION = 5.0;
				TARGETED_DEVICE_FAMILY = "1,2";
				TEST_HOST = "$(BUILT_PRODUCTS_DIR)/meme_api_frontend.app/$(BUNDLE_EXECUTABLE_FOLDER_PATH)/meme_api_frontend";
			};
			name = Release;
		};
		B3ABBF8B2D09966F008F82FD /* Debug */ = {
			isa = XCBuildConfiguration;
			buildSettings = {
				CODE_SIGN_STYLE = Automatic;
				CURRENT_PROJECT_VERSION = 1;
				GENERATE_INFOPLIST_FILE = YES;
				MARKETING_VERSION = 1.0;
				PRODUCT_BUNDLE_IDENTIFIER = "caramel.meme-api-frontendUITests";
				PRODUCT_NAME = "$(TARGET_NAME)";
				SWIFT_EMIT_LOC_STRINGS = NO;
				SWIFT_VERSION = 5.0;
				TARGETED_DEVICE_FAMILY = "1,2";
				TEST_TARGET_NAME = meme_api_frontend;
			};
			name = Debug;
		};
		B3ABBF8C2D09966F008F82FD /* Release */ = {
			isa = XCBuildConfiguration;
			buildSettings = {
				CODE_SIGN_STYLE = Automatic;
				CURRENT_PROJECT_VERSION = 1;
				GENERATE_INFOPLIST_FILE = YES;
				MARKETING_VERSION = 1.0;
				PRODUCT_BUNDLE_IDENTIFIER = "caramel.meme-api-frontendUITests";
				PRODUCT_NAME = "$(TARGET_NAME)";
				SWIFT_EMIT_LOC_STRINGS = NO;
				SWIFT_VERSION = 5.0;
				TARGETED_DEVICE_FAMILY = "1,2";
				TEST_TARGET_NAME = meme_api_frontend;
			};
			name = Release;
		};
/* End XCBuildConfiguration section */

/* Begin XCConfigurationList section */
		B3ABBF542D09966E008F82FD /* Build configuration list for PBXProject "meme_api_frontend" */ = {
			isa = XCConfigurationList;
			buildConfigurations = (
				B3ABBF852D09966F008F82FD /* Debug */,
				B3ABBF862D09966F008F82FD /* Release */,
			);
			defaultConfigurationIsVisible = 0;
			defaultConfigurationName = Release;
		};
		B3ABBF822D09966F008F82FD /* Build configuration list for PBXNativeTarget "meme_api_frontend" */ = {
			isa = XCConfigurationList;
			buildConfigurations = (
				B3ABBF832D09966F008F82FD /* Debug */,
				B3ABBF842D09966F008F82FD /* Release */,
			);
			defaultConfigurationIsVisible = 0;
			defaultConfigurationName = Release;
		};
		B3ABBF872D09966F008F82FD /* Build configuration list for PBXNativeTarget "meme_api_frontendTests" */ = {
			isa = XCConfigurationList;
			buildConfigurations = (
				B3ABBF882D09966F008F82FD /* Debug */,
				B3ABBF892D09966F008F82FD /* Release */,
			);
			defaultConfigurationIsVisible = 0;
			defaultConfigurationName = Release;
		};
		B3ABBF8A2D09966F008F82FD /* Build configuration list for PBXNativeTarget "meme_api_frontendUITests" */ = {
			isa = XCConfigurationList;
			buildConfigurations = (
				B3ABBF8B2D09966F008F82FD /* Debug */,
				B3ABBF8C2D09966F008F82FD /* Release */,
			);
			defaultConfigurationIsVisible = 0;
			defaultConfigurationName = Release;
		};
/* End XCConfigurationList section */
	};
	rootObject = B3ABBF512D09966E008F82FD /* Project object */;
}
